
Microsoft Visual Studio Solution File, Format Version 12.00
# Visual Studio 15
VisualStudioVersion = 15.0.26430.16
MinimumVisualStudioVersion = 10.0.40219.1
Project("{FAE04EC0-301F-11D3-BF4B-00C04F79EFBC}") = "Presentation", "Presentation\Presentation.csproj", "{2059EFCD-237D-4DDF-BCE1-CE87169AF26C}"
EndProject
Project("{FAE04EC0-301F-11D3-BF4B-00C04F79EFBC}") = "NasaRover", "NasaRover\NasaRover.csproj", "{0B56A960-3A80-4046-B40D-AD677BA59208}"
EndProject
Project("{FAE04EC0-301F-11D3-BF4B-00C04F79EFBC}") = "NasaRover.Test", "NasaRover.Test\NasaRover.Test.csproj", "{4328C532-7904-4A21-B20A-3FE6E586A5FF}"
EndProject
Global
	GlobalSection(SolutionConfigurationPlatforms) = preSolution
		Debug|Any CPU = Debug|Any CPU
		Release|Any CPU = Release|Any CPU
	EndGlobalSection
	GlobalSection(ProjectConfigurationPlatforms) = postSolution
		{2059EFCD-237D-4DDF-BCE1-CE87169AF26C}.Debug|Any CPU.ActiveCfg = Debug|Any CPU
		{2059EFCD-237D-4DDF-BCE1-CE87169AF26C}.Debug|Any CPU.Build.0 = Debug|Any CPU
		{2059EFCD-237D-4DDF-BCE1-CE87169AF26C}.Release|Any CPU.ActiveCfg = Release|Any CPU
		{2059EFCD-237D-4DDF-BCE1-CE87169AF26C}.Release|Any CPU.Build.0 = Release|Any CPU
		{0B56A960-3A80-4046-B40D-AD677BA59208}.Debug|Any CPU.ActiveCfg = Debug|Any CPU
		{0B56A960-3A80-4046-B40D-AD677BA59208}.Debug|Any CPU.Build.0 = Debug|Any CPU
		{0B56A960-3A80-4046-B40D-AD677BA59208}.Release|Any CPU.ActiveCfg = Release|Any CPU
		{0B56A960-3A80-4046-B40D-AD677BA59208}.Release|Any CPU.Build.0 = Release|Any CPU
		{4328C532-7904-4A21-B20A-3FE6E586A5FF}.Debug|Any CPU.ActiveCfg = Debug|Any CPU
		{4328C532-7904-4A21-B20A-3FE6E586A5FF}.Debug|Any CPU.Build.0 = Debug|Any CPU
		{4328C532-7904-4A21-B20A-3FE6E586A5FF}.Release|Any CPU.ActiveCfg = Release|Any CPU
		{4328C532-7904-4A21-B20A-3FE6E586A5FF}.Release|Any CPU.Build.0 = Release|Any CPU
	EndGlobalSection
	GlobalSection(SolutionProperties) = preSolution
		HideSolutionNode = FALSE
	EndGlobalSection
EndGlobal
